# This file is automatically @generated by Cargo.
# It is not intended for manual editing.
version = 3

[[package]]
name = "belajar-rust-create"
version = "0.1.0"
dependencies = [
 "learn-say-hello-pemudakoding",
]

[[package]]
name = "learn-say-hello-pemudakoding"
version = "0.2.0"
source = "registry+https://github.com/rust-lang/crates.io-index"
checksum = "17e881a6644901299b503b00f577a6d32a3f7d60a2cfac0434b85babfea64302"
